# Code generated by scarb DO NOT EDIT.
version = 1

[[package]]
name = "nalgebra"
version = "0.0.0"
dependencies = [
 "yas_core",
]

[[package]]
name = "yas_core"
version = "0.1.0"
source = "git+https://github.com/lambdaclass/yet-another-swap.git?rev=88a08d13b65b766bffda44681b78f0e53382a41d#88a08d13b65b766bffda44681b78f0e53382a41d"
